
Microsoft Visual Studio Solution File, Format Version 12.00
# Visual Studio Version 17
VisualStudioVersion = 17.10.35122.118
MinimumVisualStudioVersion = 10.0.40219.1
Project("{FAE04EC0-301F-11D3-BF4B-00C04F79EFBC}") = "ExemploCRUD", "ExemploCRUD.csproj", "{38325823-0E54-417C-A28E-C56351D08EBC}"
EndProject
Global
	GlobalSection(SolutionConfigurationPlatforms) = preSolution
		Debug|Any CPU = Debug|Any CPU
		Release|Any CPU = Release|Any CPU
	EndGlobalSection
	GlobalSection(ProjectConfigurationPlatforms) = postSolution
		{38325823-0E54-417C-A28E-C56351D08EBC}.Debug|Any CPU.ActiveCfg = Debug|Any CPU
		{38325823-0E54-417C-A28E-C56351D08EBC}.Debug|Any CPU.Build.0 = Debug|Any CPU
		{38325823-0E54-417C-A28E-C56351D08EBC}.Release|Any CPU.ActiveCfg = Release|Any CPU
		{38325823-0E54-417C-A28E-C56351D08EBC}.Release|Any CPU.Build.0 = Release|Any CPU
	EndGlobalSection
	GlobalSection(SolutionProperties) = preSolution
		HideSolutionNode = FALSE
	EndGlobalSection
	GlobalSection(ExtensibilityGlobals) = postSolution
		SolutionGuid = {9B332972-4D61-4934-AC9F-5A2BFF646955}
	EndGlobalSection
EndGlobal
